
Microsoft Visual Studio Solution File, Format Version 12.00
# Visual Studio Version 16
VisualStudioVersion = 16.0.30907.101
MinimumVisualStudioVersion = 10.0.40219.1
Project("{FAE04EC0-301F-11D3-BF4B-00C04F79EFBC}") = "Events", "Events\Events.csproj", "{809EEA47-1FD5-4772-8F5E-23259BB57AAD}"
EndProject
Global
	GlobalSection(SolutionConfigurationPlatforms) = preSolution
		Debug|Any CPU = Debug|Any CPU
		Release|Any CPU = Release|Any CPU
	EndGlobalSection
	GlobalSection(ProjectConfigurationPlatforms) = postSolution
		{809EEA47-1FD5-4772-8F5E-23259BB57AAD}.Debug|Any CPU.ActiveCfg = Debug|Any CPU
		{809EEA47-1FD5-4772-8F5E-23259BB57AAD}.Debug|Any CPU.Build.0 = Debug|Any CPU
		{809EEA47-1FD5-4772-8F5E-23259BB57AAD}.Release|Any CPU.ActiveCfg = Release|Any CPU
		{809EEA47-1FD5-4772-8F5E-23259BB57AAD}.Release|Any CPU.Build.0 = Release|Any CPU
	EndGlobalSection
	GlobalSection(SolutionProperties) = preSolution
		HideSolutionNode = FALSE
	EndGlobalSection
	GlobalSection(ExtensibilityGlobals) = postSolution
		SolutionGuid = {6BD2D54C-7CC8-4B4A-986E-937C8B6AC11D}
	EndGlobalSection
EndGlobal
